
Microsoft Visual Studio Solution File, Format Version 12.00
# Visual Studio 15
VisualStudioVersion = 15.0.26206.0
MinimumVisualStudioVersion = 10.0.40219.1
Project("{9A19103F-16F7-4668-BE54-9A1E7A4F7556}") = "AtomicTorch.CBND.CoreMod", "..\Core.cpk\AtomicTorch.CBND.CoreMod.csproj", "{60F67F5B-3F5C-46D4-86CC-41DD997173A6}"
EndProject
Project("{9A19103F-16F7-4668-BE54-9A1E7A4F7556}") = "AtomicTorch.CBND.CoreMod.Editor", "AtomicTorch.CBND.CoreMod.Editor.csproj", "{4C6E5831-9F87-447A-9994-A23B831F4368}"
EndProject
Global
	GlobalSection(SolutionConfigurationPlatforms) = preSolution
		Debug|Any CPU = Debug|Any CPU
	EndGlobalSection
	GlobalSection(ProjectConfigurationPlatforms) = postSolution
		{60F67F5B-3F5C-46D4-86CC-41DD997173A6}.Debug|Any CPU.ActiveCfg = Debug|Any CPU
		{60F67F5B-3F5C-46D4-86CC-41DD997173A6}.Debug|Any CPU.Build.0 = Debug|Any CPU
		{4C6E5831-9F87-447A-9994-A23B831F4368}.Debug|Any CPU.ActiveCfg = Debug|Any CPU
		{4C6E5831-9F87-447A-9994-A23B831F4368}.Debug|Any CPU.Build.0 = Debug|Any CPU
	EndGlobalSection
	GlobalSection(SolutionProperties) = preSolution
		HideSolutionNode = TRUE
	EndGlobalSection
EndGlobal
